
Microsoft Visual Studio Solution File, Format Version 12.00
# Visual Studio 15
VisualStudioVersion = 15.0.27703.2047
MinimumVisualStudioVersion = 10.0.40219.1
Project("{FAE04EC0-301F-11D3-BF4B-00C04F79EFBC}") = "SqlCeTests", "SqlCeTests\SqlCeTests.csproj", "{6BBDBC79-0B7D-48DB-BC9F-652E7CBB127C}"
EndProject
Project("{FAE04EC0-301F-11D3-BF4B-00C04F79EFBC}") = "SqliteTests", "SqliteTests\SqliteTests.csproj", "{4019DB46-9A9C-4DBA-8B80-8D4CEC085965}"
EndProject
Global
	GlobalSection(SolutionConfigurationPlatforms) = preSolution
		Debug|Any CPU = Debug|Any CPU
		Release|Any CPU = Release|Any CPU
	EndGlobalSection
	GlobalSection(ProjectConfigurationPlatforms) = postSolution
		{6BBDBC79-0B7D-48DB-BC9F-652E7CBB127C}.Debug|Any CPU.ActiveCfg = Debug|Any CPU
		{6BBDBC79-0B7D-48DB-BC9F-652E7CBB127C}.Debug|Any CPU.Build.0 = Debug|Any CPU
		{6BBDBC79-0B7D-48DB-BC9F-652E7CBB127C}.Release|Any CPU.ActiveCfg = Release|Any CPU
		{6BBDBC79-0B7D-48DB-BC9F-652E7CBB127C}.Release|Any CPU.Build.0 = Release|Any CPU
		{4019DB46-9A9C-4DBA-8B80-8D4CEC085965}.Debug|Any CPU.ActiveCfg = Debug|Any CPU
		{4019DB46-9A9C-4DBA-8B80-8D4CEC085965}.Debug|Any CPU.Build.0 = Debug|Any CPU
		{4019DB46-9A9C-4DBA-8B80-8D4CEC085965}.Release|Any CPU.ActiveCfg = Release|Any CPU
		{4019DB46-9A9C-4DBA-8B80-8D4CEC085965}.Release|Any CPU.Build.0 = Release|Any CPU
	EndGlobalSection
	GlobalSection(SolutionProperties) = preSolution
		HideSolutionNode = FALSE
	EndGlobalSection
	GlobalSection(ExtensibilityGlobals) = postSolution
		SolutionGuid = {41C2E065-BBB0-404E-A5DA-71AB17E64771}
	EndGlobalSection
EndGlobal
