
Microsoft Visual Studio Solution File, Format Version 12.00
# Visual Studio 15
VisualStudioVersion = 15.0.28010.2048
MinimumVisualStudioVersion = 10.0.40219.1
Project("{FAE04EC0-301F-11D3-BF4B-00C04F79EFBC}") = "Model", "Model\Model.csproj", "{10327C1F-3865-4D26-AE64-3F1A8D750CB0}"
EndProject
Project("{FAE04EC0-301F-11D3-BF4B-00C04F79EFBC}") = "TestComponents", "TestComponents\TestComponents.csproj", "{DA244746-2FB5-4901-B899-9350819502AB}"
EndProject
Project("{FAE04EC0-301F-11D3-BF4B-00C04F79EFBC}") = "SqlCeTests", "SqlCeTests\SqlCeTests.csproj", "{F45A0E5E-5BC4-4874-B351-F13BDF57FBCD}"
EndProject
Project("{FAE04EC0-301F-11D3-BF4B-00C04F79EFBC}") = "SqliteTests", "SqliteTests\SqliteTests.csproj", "{3C3ACA85-D305-460B-873E-03F703DC40FD}"
EndProject
Global
	GlobalSection(SolutionConfigurationPlatforms) = preSolution
		Debug|Any CPU = Debug|Any CPU
		Release|Any CPU = Release|Any CPU
	EndGlobalSection
	GlobalSection(ProjectConfigurationPlatforms) = postSolution
		{10327C1F-3865-4D26-AE64-3F1A8D750CB0}.Debug|Any CPU.ActiveCfg = Debug|Any CPU
		{10327C1F-3865-4D26-AE64-3F1A8D750CB0}.Debug|Any CPU.Build.0 = Debug|Any CPU
		{10327C1F-3865-4D26-AE64-3F1A8D750CB0}.Release|Any CPU.ActiveCfg = Release|Any CPU
		{10327C1F-3865-4D26-AE64-3F1A8D750CB0}.Release|Any CPU.Build.0 = Release|Any CPU
		{DA244746-2FB5-4901-B899-9350819502AB}.Debug|Any CPU.ActiveCfg = Debug|Any CPU
		{DA244746-2FB5-4901-B899-9350819502AB}.Debug|Any CPU.Build.0 = Debug|Any CPU
		{DA244746-2FB5-4901-B899-9350819502AB}.Release|Any CPU.ActiveCfg = Release|Any CPU
		{DA244746-2FB5-4901-B899-9350819502AB}.Release|Any CPU.Build.0 = Release|Any CPU
		{F45A0E5E-5BC4-4874-B351-F13BDF57FBCD}.Debug|Any CPU.ActiveCfg = Debug|Any CPU
		{F45A0E5E-5BC4-4874-B351-F13BDF57FBCD}.Debug|Any CPU.Build.0 = Debug|Any CPU
		{F45A0E5E-5BC4-4874-B351-F13BDF57FBCD}.Release|Any CPU.ActiveCfg = Release|Any CPU
		{F45A0E5E-5BC4-4874-B351-F13BDF57FBCD}.Release|Any CPU.Build.0 = Release|Any CPU
		{3C3ACA85-D305-460B-873E-03F703DC40FD}.Debug|Any CPU.ActiveCfg = Debug|Any CPU
		{3C3ACA85-D305-460B-873E-03F703DC40FD}.Debug|Any CPU.Build.0 = Debug|Any CPU
		{3C3ACA85-D305-460B-873E-03F703DC40FD}.Release|Any CPU.ActiveCfg = Release|Any CPU
		{3C3ACA85-D305-460B-873E-03F703DC40FD}.Release|Any CPU.Build.0 = Release|Any CPU
	EndGlobalSection
	GlobalSection(SolutionProperties) = preSolution
		HideSolutionNode = FALSE
	EndGlobalSection
	GlobalSection(ExtensibilityGlobals) = postSolution
		SolutionGuid = {04EFF631-4825-44F0-93F4-A051E3EF9C33}
	EndGlobalSection
EndGlobal
